<?xml version="1.0" encoding="utf-8"?>
<Project ToolsVersion="4.0" xmlns="http://schemas.microsoft.com/developer/msbuild/2003">
  <ItemGroup>
    <ClCompile Include="winmain.cpp" />
    <ClCompile Include="Animation.cpp">
      <Filter>Framework\GameComponents</Filter>
    </ClCompile>
    <ClCompile Include="BlastHornet.cpp">
      <Filter>Framework\Characters\Bosses\BlastHornet</Filter>
    </ClCompile>
    <ClCompile Include="BlastHornetWing.cpp">
      <Filter>Framework\Characters\Bosses\BlastHornet</Filter>
    </ClCompile>
    <ClCompile Include="Bullet.cpp">
      <Filter>Framework\GameComponents</Filter>
    </ClCompile>
    <ClCompile Include="BulletsManager.cpp">
      <Filter>Framework\GameControllers</Filter>
    </ClCompile>
    <ClCompile Include="ByteBoss.cpp">
      <Filter>Framework\Characters\Bosses\ByteBoss</Filter>
    </ClCompile>
    <ClCompile Include="ByteMine.cpp">
      <Filter>Framework\Characters\Bosses\ByteBoss</Filter>
    </ClCompile>
    <ClCompile Include="Camera.cpp">
      <Filter>Framework\GameComponents</Filter>
    </ClCompile>
    <ClCompile Include="ChasingBee.cpp">
      <Filter>Framework\Characters\Bosses\BlastHornet</Filter>
    </ClCompile>
    <ClCompile Include="Helit.cpp">
      <Filter>Framework\Characters\Enemies\Helit</Filter>
    </ClCompile>
    <ClCompile Include="HelitBullet.cpp">
      <Filter>Framework\Characters\Enemies\Helit</Filter>
    </ClCompile>
    <ClCompile Include="HelitWing.cpp">
      <Filter>Framework\Characters\Enemies\Helit</Filter>
    </ClCompile>
    <ClCompile Include="HeadGunner.cpp">
      <Filter>Framework\Characters\Enemies\HeadGunner</Filter>
    </ClCompile>
    <ClCompile Include="HeadGunnerCannonball.cpp">
      <Filter>Framework\Characters\Enemies\HeadGunner</Filter>
    </ClCompile>
    <ClCompile Include="HeadGunnerMissile.cpp">
      <Filter>Framework\Characters\Enemies\HeadGunner</Filter>
    </ClCompile>
    <ClCompile Include="NotorBanger.cpp">
      <Filter>Framework\Characters\Enemies\NotorBanger</Filter>
    </ClCompile>
    <ClCompile Include="NotorBangerBullet.cpp">
      <Filter>Framework\Characters\Enemies\NotorBanger</Filter>
    </ClCompile>
    <ClCompile Include="Shurikein.cpp">
      <Filter>Framework\Characters\Bosses\Shurikein</Filter>
    </ClCompile>
    <ClCompile Include="MiniBee.cpp">
      <Filter>Framework\Characters\Bosses\BlastHornet</Filter>
    </ClCompile>
    <ClCompile Include="Megaman.cpp">
      <Filter>Framework\Characters\Megaman</Filter>
    </ClCompile>
    <ClCompile Include="MegamanBullet.cpp">
      <Filter>Framework\Characters\Megaman</Filter>
    </ClCompile>
    <ClCompile Include="Game.cpp">
      <Filter>Framework\GameComponents</Filter>
    </ClCompile>
    <ClCompile Include="GameGlobal.cpp">
      <Filter>Framework\GameComponents</Filter>
    </ClCompile>
    <ClCompile Include="GameLog.cpp">
      <Filter>Framework\GameComponents</Filter>
    </ClCompile>
    <ClCompile Include="GameMap.cpp">
      <Filter>Framework\GameComponents</Filter>
    </ClCompile>
    <ClCompile Include="Graphics.cpp">
      <Filter>Framework\GameComponents</Filter>
    </ClCompile>
    <ClCompile Include="HP.cpp">
      <Filter>Framework\GameComponents</Filter>
    </ClCompile>
    <ClCompile Include="Input.cpp">
      <Filter>Framework\GameComponents</Filter>
    </ClCompile>
    <ClCompile Include="Item.cpp">
      <Filter>Framework\GameComponents</Filter>
    </ClCompile>
    <ClCompile Include="Collision.cpp">
      <Filter>Framework\GameComponents</Filter>
    </ClCompile>
    <ClCompile Include="DebugDraw.cpp">
      <Filter>Framework\GameComponents</Filter>
    </ClCompile>
    <ClCompile Include="Elevator.cpp">
      <Filter>Framework\GameComponents</Filter>
    </ClCompile>
    <ClCompile Include="Enemy.cpp">
      <Filter>Framework\GameComponents</Filter>
    </ClCompile>
    <ClCompile Include="MObject.cpp">
      <Filter>Framework\GameComponents</Filter>
    </ClCompile>
    <ClCompile Include="MovingObjects.cpp">
      <Filter>Framework\GameControllers</Filter>
    </ClCompile>
    <ClCompile Include="ItemsManager.cpp">
      <Filter>Framework\GameControllers</Filter>
    </ClCompile>
    <ClCompile Include="EnemiesManager.cpp">
      <Filter>Framework\GameControllers</Filter>
    </ClCompile>
    <ClCompile Include="SceneManager.cpp">
      <Filter>Framework\GameControllers</Filter>
    </ClCompile>
    <ClCompile Include="Quadtree.cpp">
      <Filter>Framework\GameComponents</Filter>
    </ClCompile>
    <ClCompile Include="Random.cpp">
      <Filter>Framework\GameComponents</Filter>
    </ClCompile>
    <ClCompile Include="Scene.cpp">
      <Filter>Framework\GameComponents</Filter>
    </ClCompile>
    <ClCompile Include="Sound.cpp">
      <Filter>Framework\GameComponents</Filter>
    </ClCompile>
    <ClCompile Include="Sprite.cpp">
      <Filter>Framework\GameComponents</Filter>
    </ClCompile>
    <ClCompile Include="DemoScene.cpp">
      <Filter>Scenes</Filter>
    </ClCompile>
    <ClCompile Include="UI.cpp">
      <Filter>Framework\GameComponents</Filter>
    </ClCompile>
    <ClCompile Include="Events.cpp">
      <Filter>Framework\GameControllers</Filter>
    </ClCompile>
    <ClCompile Include="dsutil.cpp">
      <Filter>Framework\GameComponents</Filter>
    </ClCompile>
    <ClCompile Include="dxaudio.cpp">
      <Filter>Framework\GameComponents</Filter>
    </ClCompile>
    <ClCompile Include="dxutil.cpp">
      <Filter>Framework\GameComponents</Filter>
    </ClCompile>
    <ClCompile Include="MapReader\base64.cpp">
      <Filter>Framework\MapReader</Filter>
    </ClCompile>
    <ClCompile Include="MapReader\miniz.c">
      <Filter>Framework\MapReader</Filter>
    </ClCompile>
    <ClCompile Include="MapReader\tinyxml2.cpp">
      <Filter>Framework\MapReader</Filter>
    </ClCompile>
    <ClCompile Include="MapReader\TmxEllipse.cpp">
      <Filter>Framework\MapReader</Filter>
    </ClCompile>
    <ClCompile Include="MapReader\TmxImage.cpp">
      <Filter>Framework\MapReader</Filter>
    </ClCompile>
    <ClCompile Include="MapReader\TmxImageLayer.cpp">
      <Filter>Framework\MapReader</Filter>
    </ClCompile>
    <ClCompile Include="MapReader\TmxLayer.cpp">
      <Filter>Framework\MapReader</Filter>
    </ClCompile>
    <ClCompile Include="MapReader\TmxMap.cpp">
      <Filter>Framework\MapReader</Filter>
    </ClCompile>
    <ClCompile Include="MapReader\TmxObject.cpp">
      <Filter>Framework\MapReader</Filter>
    </ClCompile>
    <ClCompile Include="MapReader\TmxObjectGroup.cpp">
      <Filter>Framework\MapReader</Filter>
    </ClCompile>
    <ClCompile Include="MapReader\TmxPolygon.cpp">
      <Filter>Framework\MapReader</Filter>
    </ClCompile>
    <ClCompile Include="MapReader\TmxPolyline.cpp">
      <Filter>Framework\MapReader</Filter>
    </ClCompile>
    <ClCompile Include="MapReader\TmxPropertySet.cpp">
      <Filter>Framework\MapReader</Filter>
    </ClCompile>
    <ClCompile Include="MapReader\TmxTerrain.cpp">
      <Filter>Framework\MapReader</Filter>
    </ClCompile>
    <ClCompile Include="MapReader\TmxTerrainArray.cpp">
      <Filter>Framework\MapReader</Filter>
    </ClCompile>
    <ClCompile Include="MapReader\TmxTile.cpp">
      <Filter>Framework\MapReader</Filter>
    </ClCompile>
    <ClCompile Include="MapReader\TmxTileLayer.cpp">
      <Filter>Framework\MapReader</Filter>
    </ClCompile>
    <ClCompile Include="MapReader\TmxTileOffset.cpp">
      <Filter>Framework\MapReader</Filter>
    </ClCompile>
    <ClCompile Include="MapReader\TmxTileset.cpp">
      <Filter>Framework\MapReader</Filter>
    </ClCompile>
    <ClCompile Include="MapReader\TmxUtil.cpp">
      <Filter>Framework\MapReader</Filter>
    </ClCompile>
    <ClCompile Include="BlastHornetScene.cpp">
      <Filter>Scenes</Filter>
    </ClCompile>
    <ClCompile Include="Effects.cpp">
      <Filter>Framework\GameControllers</Filter>
    </ClCompile>
  </ItemGroup>
  <ItemGroup>
    <ClInclude Include="Animation.h">
      <Filter>Framework\GameComponents</Filter>
    </ClInclude>
    <ClInclude Include="BlastHornet.h">
      <Filter>Framework\Characters\Bosses\BlastHornet</Filter>
    </ClInclude>
    <ClInclude Include="BlastHornetWing.h">
      <Filter>Framework\Characters\Bosses\BlastHornet</Filter>
    </ClInclude>
    <ClInclude Include="Bullet.h">
      <Filter>Framework\GameComponents</Filter>
    </ClInclude>
    <ClInclude Include="BulletsManager.h">
      <Filter>Framework\GameControllers</Filter>
    </ClInclude>
    <ClInclude Include="ByteBoss.h">
      <Filter>Framework\Characters\Bosses\ByteBoss</Filter>
    </ClInclude>
    <ClInclude Include="ByteMine.h">
      <Filter>Framework\Characters\Bosses\ByteBoss</Filter>
    </ClInclude>
    <ClInclude Include="Camera.h">
      <Filter>Framework\GameComponents</Filter>
    </ClInclude>
    <ClInclude Include="ChasingBee.h">
      <Filter>Framework\Characters\Bosses\BlastHornet</Filter>
    </ClInclude>
    <ClInclude Include="Helit.h">
      <Filter>Framework\Characters\Enemies\Helit</Filter>
    </ClInclude>
    <ClInclude Include="HelitBullet.h">
      <Filter>Framework\Characters\Enemies\Helit</Filter>
    </ClInclude>
    <ClInclude Include="HelitWing.h">
      <Filter>Framework\Characters\Enemies\Helit</Filter>
    </ClInclude>
    <ClInclude Include="HeadGunner.h">
      <Filter>Framework\Characters\Enemies\HeadGunner</Filter>
    </ClInclude>
    <ClInclude Include="HeadGunnerCannonball.h">
      <Filter>Framework\Characters\Enemies\HeadGunner</Filter>
    </ClInclude>
    <ClInclude Include="HeadGunnerMissile.h">
      <Filter>Framework\Characters\Enemies\HeadGunner</Filter>
    </ClInclude>
    <ClInclude Include="NotorBanger.h">
      <Filter>Framework\Characters\Enemies\NotorBanger</Filter>
    </ClInclude>
    <ClInclude Include="NotorBangerBullet.h">
      <Filter>Framework\Characters\Enemies\NotorBanger</Filter>
    </ClInclude>
    <ClInclude Include="Shurikein.h">
      <Filter>Framework\Characters\Bosses\Shurikein</Filter>
    </ClInclude>
    <ClInclude Include="MiniBee.h">
      <Filter>Framework\Characters\Bosses\BlastHornet</Filter>
    </ClInclude>
    <ClInclude Include="Megaman.h">
      <Filter>Framework\Characters\Megaman</Filter>
    </ClInclude>
    <ClInclude Include="MegamanBullet.h">
      <Filter>Framework\Characters\Megaman</Filter>
    </ClInclude>
    <ClInclude Include="Game.h">
      <Filter>Framework\GameComponents</Filter>
    </ClInclude>
    <ClInclude Include="GameGlobal.h">
      <Filter>Framework\GameComponents</Filter>
    </ClInclude>
    <ClInclude Include="GameLog.h">
      <Filter>Framework\GameComponents</Filter>
    </ClInclude>
    <ClInclude Include="GameMap.h">
      <Filter>Framework\GameComponents</Filter>
    </ClInclude>
    <ClInclude Include="Graphics.h">
      <Filter>Framework\GameComponents</Filter>
    </ClInclude>
    <ClInclude Include="HP.h">
      <Filter>Framework\GameComponents</Filter>
    </ClInclude>
    <ClInclude Include="Input.h">
      <Filter>Framework\GameComponents</Filter>
    </ClInclude>
    <ClInclude Include="Item.h">
      <Filter>Framework\GameComponents</Filter>
    </ClInclude>
    <ClInclude Include="Collision.h">
      <Filter>Framework\GameComponents</Filter>
    </ClInclude>
    <ClInclude Include="DebugDraw.h">
      <Filter>Framework\GameComponents</Filter>
    </ClInclude>
    <ClInclude Include="Elevator.h">
      <Filter>Framework\GameComponents</Filter>
    </ClInclude>
    <ClInclude Include="Enemy.h">
      <Filter>Framework\GameComponents</Filter>
    </ClInclude>
    <ClInclude Include="MObject.h">
      <Filter>Framework\GameComponents</Filter>
    </ClInclude>
    <ClInclude Include="MovingObjects.h">
      <Filter>Framework\GameControllers</Filter>
    </ClInclude>
    <ClInclude Include="ItemsManager.h">
      <Filter>Framework\GameControllers</Filter>
    </ClInclude>
    <ClInclude Include="EnemiesManager.h">
      <Filter>Framework\GameControllers</Filter>
    </ClInclude>
    <ClInclude Include="SceneManager.h">
      <Filter>Framework\GameControllers</Filter>
    </ClInclude>
    <ClInclude Include="Quadtree.h">
      <Filter>Framework\GameComponents</Filter>
    </ClInclude>
    <ClInclude Include="Random.h">
      <Filter>Framework\GameComponents</Filter>
    </ClInclude>
    <ClInclude Include="Scene.h">
      <Filter>Framework\GameComponents</Filter>
    </ClInclude>
    <ClInclude Include="Sound.h">
      <Filter>Framework\GameComponents</Filter>
    </ClInclude>
    <ClInclude Include="Sprite.h">
      <Filter>Framework\GameComponents</Filter>
    </ClInclude>
    <ClInclude Include="DemoScene.h">
      <Filter>Scenes</Filter>
    </ClInclude>
    <ClInclude Include="UI.h">
      <Filter>Framework\GameComponents</Filter>
    </ClInclude>
    <ClInclude Include="Events.h">
      <Filter>Framework\GameControllers</Filter>
    </ClInclude>
    <ClInclude Include="dxutil.h">
      <Filter>Framework\GameComponents</Filter>
    </ClInclude>
    <ClInclude Include="dsutil.h">
      <Filter>Framework\GameComponents</Filter>
    </ClInclude>
    <ClInclude Include="dxaudio.h">
      <Filter>Framework\GameComponents</Filter>
    </ClInclude>
    <ClInclude Include="MapReader\base64.h">
      <Filter>Framework\MapReader</Filter>
    </ClInclude>
    <ClInclude Include="MapReader\tinyxml2.h">
      <Filter>Framework\MapReader</Filter>
    </ClInclude>
    <ClInclude Include="MapReader\TmxEllipse.h">
      <Filter>Framework\MapReader</Filter>
    </ClInclude>
    <ClInclude Include="MapReader\TmxImage.h">
      <Filter>Framework\MapReader</Filter>
    </ClInclude>
    <ClInclude Include="MapReader\TmxImageLayer.h">
      <Filter>Framework\MapReader</Filter>
    </ClInclude>
    <ClInclude Include="MapReader\TmxLayer.h">
      <Filter>Framework\MapReader</Filter>
    </ClInclude>
    <ClInclude Include="MapReader\TmxMap.h">
      <Filter>Framework\MapReader</Filter>
    </ClInclude>
    <ClInclude Include="MapReader\TmxMapTile.h">
      <Filter>Framework\MapReader</Filter>
    </ClInclude>
    <ClInclude Include="MapReader\TmxObject.h">
      <Filter>Framework\MapReader</Filter>
    </ClInclude>
    <ClInclude Include="MapReader\TmxObjectGroup.h">
      <Filter>Framework\MapReader</Filter>
    </ClInclude>
    <ClInclude Include="MapReader\TmxPoint.h">
      <Filter>Framework\MapReader</Filter>
    </ClInclude>
    <ClInclude Include="MapReader\TmxPolygon.h">
      <Filter>Framework\MapReader</Filter>
    </ClInclude>
    <ClInclude Include="MapReader\TmxPolyline.h">
      <Filter>Framework\MapReader</Filter>
    </ClInclude>
    <ClInclude Include="MapReader\TmxPropertySet.h">
      <Filter>Framework\MapReader</Filter>
    </ClInclude>
    <ClInclude Include="MapReader\TmxTerrain.h">
      <Filter>Framework\MapReader</Filter>
    </ClInclude>
    <ClInclude Include="MapReader\TmxTerrainArray.h">
      <Filter>Framework\MapReader</Filter>
    </ClInclude>
    <ClInclude Include="MapReader\TmxTile.h">
      <Filter>Framework\MapReader</Filter>
    </ClInclude>
    <ClInclude Include="MapReader\TmxTileLayer.h">
      <Filter>Framework\MapReader</Filter>
    </ClInclude>
    <ClInclude Include="MapReader\TmxTileOffset.h">
      <Filter>Framework\MapReader</Filter>
    </ClInclude>
    <ClInclude Include="MapReader\TmxTileset.h">
      <Filter>Framework\MapReader</Filter>
    </ClInclude>
    <ClInclude Include="MapReader\TmxUtil.h">
      <Filter>Framework\MapReader</Filter>
    </ClInclude>
    <ClInclude Include="MapReader\zconf.h">
      <Filter>Framework\MapReader</Filter>
    </ClInclude>
    <ClInclude Include="MapReader\zlib.h">
      <Filter>Framework\MapReader</Filter>
    </ClInclude>
    <ClInclude Include="BlastHornetScene.h">
      <Filter>Scenes</Filter>
    </ClInclude>
    <ClInclude Include="Effects.h">
      <Filter>Framework\GameControllers</Filter>
    </ClInclude>
  </ItemGroup>
  <ItemGroup>
    <Filter Include="Framework">
      <UniqueIdentifier>{0fd2c5cd-be6c-4e83-a087-113fe262b37b}</UniqueIdentifier>
    </Filter>
    <Filter Include="Framework\GameComponents">
      <UniqueIdentifier>{c814c992-7ac4-4307-b5e8-c9fa72eb2e96}</UniqueIdentifier>
    </Filter>
    <Filter Include="Framework\GameControllers">
      <UniqueIdentifier>{dba32717-d476-4448-b8cb-ac131e1a9635}</UniqueIdentifier>
    </Filter>
    <Filter Include="Framework\Characters">
      <UniqueIdentifier>{f4b5c7dc-4931-4bf6-8183-f2c63386adab}</UniqueIdentifier>
    </Filter>
    <Filter Include="Framework\MapReader">
      <UniqueIdentifier>{edcdec1d-a082-4c0b-b81d-83a9bb1ff146}</UniqueIdentifier>
    </Filter>
    <Filter Include="Framework\Characters\Megaman">
      <UniqueIdentifier>{1b1694b9-1e2d-43f6-a74d-2436854e5ce9}</UniqueIdentifier>
    </Filter>
    <Filter Include="Framework\Characters\Bosses">
      <UniqueIdentifier>{873bb81c-f4b5-42d2-b8e4-804a98f51098}</UniqueIdentifier>
    </Filter>
    <Filter Include="Framework\Characters\Enemies">
      <UniqueIdentifier>{6252d96e-3599-419f-950e-55bf5f36749f}</UniqueIdentifier>
    </Filter>
    <Filter Include="Framework\Characters\Bosses\ByteBoss">
      <UniqueIdentifier>{994d3813-a4f6-4873-8f19-3c87c1962b7e}</UniqueIdentifier>
    </Filter>
    <Filter Include="Framework\Characters\Bosses\BlastHornet">
      <UniqueIdentifier>{5a40e81c-a98b-40d8-8122-c1186189d954}</UniqueIdentifier>
    </Filter>
    <Filter Include="Framework\Characters\Bosses\Shurikein">
      <UniqueIdentifier>{86d023f9-d250-4ead-bbb0-e5774dcd901c}</UniqueIdentifier>
    </Filter>
    <Filter Include="Framework\Characters\Enemies\NotorBanger">
      <UniqueIdentifier>{470661e1-50e2-4804-8455-b8a5c761bc37}</UniqueIdentifier>
    </Filter>
    <Filter Include="Framework\Characters\Enemies\Helit">
      <UniqueIdentifier>{05a3fc6e-1c8d-486b-80a9-0eb038be1668}</UniqueIdentifier>
    </Filter>
    <Filter Include="Framework\Characters\Enemies\HeadGunner">
      <UniqueIdentifier>{0a597cde-3dcd-482d-a144-05344493e98e}</UniqueIdentifier>
    </Filter>
    <Filter Include="Scenes">
      <UniqueIdentifier>{47cd72e5-9e80-4bec-89cc-ae9916e68fc3}</UniqueIdentifier>
    </Filter>
  </ItemGroup>
  <ItemGroup>
    <None Include="MapReader\Tmx.h.in">
      <Filter>Framework\MapReader</Filter>
    </None>
  </ItemGroup>
</Project>